{
  "name": "codekit-project",
  "version": "1.0.0",
  "lockfileVersion": 1,
  "requires": true,
  "dependencies": {
    "@fancyapps/fancybox": {
      "version": "3.5.7",
      "resolved": "https://registry.npmjs.org/@fancyapps/fancybox/-/fancybox-3.5.7.tgz",
      "integrity": "sha512-rcEtu8t+WnmqIDV/Wfm1yvy/nDdwc7YV25j9HLxGC2/WOsUhk9rcWg2nB8g1BrjRt9zaoADdjHTU6ILYTJzBBg=="
    },
    "bideo": {
      "version": "1.0.0",
      "resolved": "https://registry.npmjs.org/bideo/-/bideo-1.0.0.tgz",
      "integrity": "sha1-MPnJ8H9mHJzlWxjmwHkXzMDW3Vg="
    },
    "uikit": {
      "version": "3.3.3",
      "resolved": "https://registry.npmjs.org/uikit/-/uikit-3.3.3.tgz",
      "integrity": "sha512-YCrjTpti3cVTNjCXo0zeu7Kd/1nWJwIo4YRmLSVJ+MC/FdzWQgmfvby5rXR5TxEETnPamazrFtclPWJQya8W1g=="
    }
  }
}
